// !$*UTF8*$!
{
	archiveVersion = 1;
	classes = {
	};
	objectVersion = 77;
	objects = {

/* Begin PBXBuildFile section */
		D5910EA02DF89A940093A52B /* HotKey in Frameworks */ = {isa = PBXBuildFile; productRef = D5910E9F2DF89A940093A52B /* HotKey */; };
/* End PBXBuildFile section */

/* Begin PBXContainerItemProxy section */
		D5910E732DF88EF90093A52B /* PBXContainerItemProxy */ = {
			isa = PBXContainerItemProxy;
			containerPortal = D5910E5C2DF88EF90093A52B /* Project object */;
			proxyType = 1;
			remoteGlobalIDString = D5910E632DF88EF90093A52B;
			remoteInfo = Conteng;
		};
		D5910E7D2DF88EF90093A52B /* PBXContainerItemProxy */ = {
			isa = PBXContainerItemProxy;
			containerPortal = D5910E5C2DF88EF90093A52B /* Project object */;
			proxyType = 1;
			remoteGlobalIDString = D5910E632DF88EF90093A52B;
			remoteInfo = Conteng;
		};
/* End PBXContainerItemProxy section */

/* Begin PBXFileReference section */
		D5910E642DF88EF90093A52B /* Conteng.app */ = {isa = PBXFileReference; explicitFileType = wrapper.application; includeInIndex = 0; path = Conteng.app; sourceTree = BUILT_PRODUCTS_DIR; };
		D5910E722DF88EF90093A52B /* ContengTests.xctest */ = {isa = PBXFileReference; explicitFileType = wrapper.cfbundle; includeInIndex = 0; path = ContengTests.xctest; sourceTree = BUILT_PRODUCTS_DIR; };
		D5910E7C2DF88EF90093A52B /* ContengUITests.xctest */ = {isa = PBXFileReference; explicitFileType = wrapper.cfbundle; includeInIndex = 0; path = ContengUITests.xctest; sourceTree = BUILT_PRODUCTS_DIR; };
/* End PBXFileReference section */

/* Begin PBXFileSystemSynchronizedRootGroup section */
		D5910E662DF88EF90093A52B /* Conteng */ = {
			isa = PBXFileSystemSynchronizedRootGroup;
			path = Conteng;
			sourceTree = "<group>";
		};
		D5910E752DF88EF90093A52B /* ContengTests */ = {
			isa = PBXFileSystemSynchronizedRootGroup;
			path = ContengTests;
			sourceTree = "<group>";
		};
		D5910E7F2DF88EF90093A52B /* ContengUITests */ = {
			isa = PBXFileSystemSynchronizedRootGroup;
			path = ContengUITests;
			sourceTree = "<group>";
		};
/* End PBXFileSystemSynchronizedRootGroup section */

/* Begin PBXFrameworksBuildPhase section */
		D5910E612DF88EF90093A52B /* Frameworks */ = {
			isa = PBXFrameworksBuildPhase;
			buildActionMask = 2147483647;
			files = (
				D5910EA02DF89A940093A52B /* HotKey in Frameworks */,
			);
			runOnlyForDeploymentPostprocessing = 0;
		};
		D5910E6F2DF88EF90093A52B /* Frameworks */ = {
			isa = PBXFrameworksBuildPhase;
			buildActionMask = 2147483647;
			files = (
			);
			runOnlyForDeploymentPostprocessing = 0;
		};
		D5910E792DF88EF90093A52B /* Frameworks */ = {
			isa = PBXFrameworksBuildPhase;
			buildActionMask = 2147483647;
			files = (
			);
			runOnlyForDeploymentPostprocessing = 0;
		};
/* End PBXFrameworksBuildPhase section */

/* Begin PBXGroup section */
		D5910E5B2DF88EF90093A52B = {
			isa = PBXGroup;
			children = (
				D5910E662DF88EF90093A52B /* Conteng */,
				D5910E752DF88EF90093A52B /* ContengTests */,
				D5910E7F2DF88EF90093A52B /* ContengUITests */,
				D5910E652DF88EF90093A52B /* Products */,
			);
			sourceTree = "<group>";
		};
		D5910E652DF88EF90093A52B /* Products */ = {
			isa = PBXGroup;
			children = (
				D5910E642DF88EF90093A52B /* Conteng.app */,
				D5910E722DF88EF90093A52B /* ContengTests.xctest */,
				D5910E7C2DF88EF90093A52B /* ContengUITests.xctest */,
			);
			name = Products;
			sourceTree = "<group>";
		};
/* End PBXGroup section */

/* Begin PBXNativeTarget section */
		D5910E632DF88EF90093A52B /* Conteng */ = {
			isa = PBXNativeTarget;
			buildConfigurationList = D5910E862DF88EF90093A52B /* Build configuration list for PBXNativeTarget "Conteng" */;
			buildPhases = (
				D5910E602DF88EF90093A52B /* Sources */,
				D5910E612DF88EF90093A52B /* Frameworks */,
				D5910E622DF88EF90093A52B /* Resources */,
			);
			buildRules = (
			);
			dependencies = (
			);
			fileSystemSynchronizedGroups = (
				D5910E662DF88EF90093A52B /* Conteng */,
			);
			name = Conteng;
			packageProductDependencies = (
				D5910E9F2DF89A940093A52B /* HotKey */,
			);
			productName = Conteng;
			productReference = D5910E642DF88EF90093A52B /* Conteng.app */;
			productType = "com.apple.product-type.application";
		};
		D5910E712DF88EF90093A52B /* ContengTests */ = {
			isa = PBXNativeTarget;
			buildConfigurationList = D5910E892DF88EF90093A52B /* Build configuration list for PBXNativeTarget "ContengTests" */;
			buildPhases = (
				D5910E6E2DF88EF90093A52B /* Sources */,
				D5910E6F2DF88EF90093A52B /* Frameworks */,
				D5910E702DF88EF90093A52B /* Resources */,
			);
			buildRules = (
			);
			dependencies = (
				D5910E742DF88EF90093A52B /* PBXTargetDependency */,
			);
			fileSystemSynchronizedGroups = (
				D5910E752DF88EF90093A52B /* ContengTests */,
			);
			name = ContengTests;
			packageProductDependencies = (
			);
			productName = ContengTests;
			productReference = D5910E722DF88EF90093A52B /* ContengTests.xctest */;
			productType = "com.apple.product-type.bundle.unit-test";
		};
		D5910E7B2DF88EF90093A52B /* ContengUITests */ = {
			isa = PBXNativeTarget;
			buildConfigurationList = D5910E8C2DF88EF90093A52B /* Build configuration list for PBXNativeTarget "ContengUITests" */;
			buildPhases = (
				D5910E782DF88EF90093A52B /* Sources */,
				D5910E792DF88EF90093A52B /* Frameworks */,
				D5910E7A2DF88EF90093A52B /* Resources */,
			);
			buildRules = (
			);
			dependencies = (
				D5910E7E2DF88EF90093A52B /* PBXTargetDependency */,
			);
			fileSystemSynchronizedGroups = (
				D5910E7F2DF88EF90093A52B /* ContengUITests */,
			);
			name = ContengUITests;
			packageProductDependencies = (
			);
			productName = ContengUITests;
			productReference = D5910E7C2DF88EF90093A52B /* ContengUITests.xctest */;
			productType = "com.apple.product-type.bundle.ui-testing";
		};
/* End PBXNativeTarget section */

/* Begin PBXProject section */
		D5910E5C2DF88EF90093A52B /* Project object */ = {
			isa = PBXProject;
			attributes = {
				BuildIndependentTargetsInParallel = 1;
				LastSwiftUpdateCheck = 1630;
				LastUpgradeCheck = 1630;
				TargetAttributes = {
					D5910E632DF88EF90093A52B = {
						CreatedOnToolsVersion = 16.3;
					};
					D5910E712DF88EF90093A52B = {
						CreatedOnToolsVersion = 16.3;
						TestTargetID = D5910E632DF88EF90093A52B;
					};
					D5910E7B2DF88EF90093A52B = {
						CreatedOnToolsVersion = 16.3;
						TestTargetID = D5910E632DF88EF90093A52B;
					};
				};
			};
			buildConfigurationList = D5910E5F2DF88EF90093A52B /* Build configuration list for PBXProject "Conteng" */;
			developmentRegion = en;
			hasScannedForEncodings = 0;
			knownRegions = (
				en,
				Base,
			);
			mainGroup = D5910E5B2DF88EF90093A52B;
			minimizedProjectReferenceProxies = 1;
			packageReferences = (
				D5910E9E2DF89A940093A52B /* XCRemoteSwiftPackageReference "HotKey" */,
			);
			preferredProjectObjectVersion = 77;
			productRefGroup = D5910E652DF88EF90093A52B /* Products */;
			projectDirPath = "";
			projectRoot = "";
			targets = (
				D5910E632DF88EF90093A52B /* Conteng */,
				D5910E712DF88EF90093A52B /* ContengTests */,
				D5910E7B2DF88EF90093A52B /* ContengUITests */,
			);
		};
/* End PBXProject section */

/* Begin PBXResourcesBuildPhase section */
		D5910E622DF88EF90093A52B /* Resources */ = {
			isa = PBXResourcesBuildPhase;
			buildActionMask = 2147483647;
			files = (
			);
			runOnlyForDeploymentPostprocessing = 0;
		};
		D5910E702DF88EF90093A52B /* Resources */ = {
			isa = PBXResourcesBuildPhase;
			buildActionMask = 2147483647;
			files = (
			);
			runOnlyForDeploymentPostprocessing = 0;
		};
		D5910E7A2DF88EF90093A52B /* Resources */ = {
			isa = PBXResourcesBuildPhase;
			buildActionMask = 2147483647;
			files = (
			);
			runOnlyForDeploymentPostprocessing = 0;
		};
/* End PBXResourcesBuildPhase section */

/* Begin PBXSourcesBuildPhase section */
		D5910E602DF88EF90093A52B /* Sources */ = {
			isa = PBXSourcesBuildPhase;
			buildActionMask = 2147483647;
			files = (
			);
			runOnlyForDeploymentPostprocessing = 0;
		};
		D5910E6E2DF88EF90093A52B /* Sources */ = {
			isa = PBXSourcesBuildPhase;
			buildActionMask = 2147483647;
			files = (
			);
			runOnlyForDeploymentPostprocessing = 0;
		};
		D5910E782DF88EF90093A52B /* Sources */ = {
			isa = PBXSourcesBuildPhase;
			buildActionMask = 2147483647;
			files = (
			);
			runOnlyForDeploymentPostprocessing = 0;
		};
/* End PBXSourcesBuildPhase section */

/* Begin PBXTargetDependency section */
		D5910E742DF88EF90093A52B /* PBXTargetDependency */ = {
			isa = PBXTargetDependency;
			target = D5910E632DF88EF90093A52B /* Conteng */;
			targetProxy = D5910E732DF88EF90093A52B /* PBXContainerItemProxy */;
		};
		D5910E7E2DF88EF90093A52B /* PBXTargetDependency */ = {
			isa = PBXTargetDependency;
			target = D5910E632DF88EF90093A52B /* Conteng */;
			targetProxy = D5910E7D2DF88EF90093A52B /* PBXContainerItemProxy */;
		};
/* End PBXTargetDependency section */

/* Begin XCBuildConfiguration section */
		D5910E842DF88EF90093A52B /* Debug */ = {
			isa = XCBuildConfiguration;
			buildSettings = {
				ALWAYS_SEARCH_USER_PATHS = NO;
				ASSETCATALOG_COMPILER_GENERATE_SWIFT_ASSET_SYMBOL_EXTENSIONS = YES;
				CLANG_ANALYZER_NONNULL = YES;
				CLANG_ANALYZER_NUMBER_OBJECT_CONVERSION = YES_AGGRESSIVE;
				CLANG_CXX_LANGUAGE_STANDARD = "gnu++20";
				CLANG_ENABLE_MODULES = YES;
				CLANG_ENABLE_OBJC_ARC = YES;
				CLANG_ENABLE_OBJC_WEAK = YES;
				CLANG_WARN_BLOCK_CAPTURE_AUTORELEASING = YES;
				CLANG_WARN_BOOL_CONVERSION = YES;
				CLANG_WARN_COMMA = YES;
				CLANG_WARN_CONSTANT_CONVERSION = YES;
				CLANG_WARN_DEPRECATED_OBJC_IMPLEMENTATIONS = YES;
				CLANG_WARN_DIRECT_OBJC_ISA_USAGE = YES_ERROR;
				CLANG_WARN_DOCUMENTATION_COMMENTS = YES;
				CLANG_WARN_EMPTY_BODY = YES;
				CLANG_WARN_ENUM_CONVERSION = YES;
				CLANG_WARN_INFINITE_RECURSION = YES;
				CLANG_WARN_INT_CONVERSION = YES;
				CLANG_WARN_NON_LITERAL_NULL_CONVERSION = YES;
				CLANG_WARN_OBJC_IMPLICIT_RETAIN_SELF = YES;
				CLANG_WARN_OBJC_LITERAL_CONVERSION = YES;
				CLANG_WARN_OBJC_ROOT_CLASS = YES_ERROR;
				CLANG_WARN_QUOTED_INCLUDE_IN_FRAMEWORK_HEADER = YES;
				CLANG_WARN_RANGE_LOOP_ANALYSIS = YES;
				CLANG_WARN_STRICT_PROTOTYPES = YES;
				CLANG_WARN_SUSPICIOUS_MOVE = YES;
				CLANG_WARN_UNGUARDED_AVAILABILITY = YES_AGGRESSIVE;
				CLANG_WARN_UNREACHABLE_CODE = YES;
				CLANG_WARN__DUPLICATE_METHOD_MATCH = YES;
				COPY_PHASE_STRIP = NO;
				DEBUG_INFORMATION_FORMAT = dwarf;
				ENABLE_STRICT_OBJC_MSGSEND = YES;
				ENABLE_TESTABILITY = YES;
				ENABLE_USER_SCRIPT_SANDBOXING = YES;
				GCC_C_LANGUAGE_STANDARD = gnu17;
				GCC_DYNAMIC_NO_PIC = NO;
				GCC_NO_COMMON_BLOCKS = YES;
				GCC_OPTIMIZATION_LEVEL = 0;
				GCC_PREPROCESSOR_DEFINITIONS = (
					"DEBUG=1",
					"$(inherited)",
				);
				GCC_WARN_64_TO_32_BIT_CONVERSION = YES;
				GCC_WARN_ABOUT_RETURN_TYPE = YES_ERROR;
				GCC_WARN_UNDECLARED_SELECTOR = YES;
				GCC_WARN_UNINITIALIZED_AUTOS = YES_AGGRESSIVE;
				GCC_WARN_UNUSED_FUNCTION = YES;
				GCC_WARN_UNUSED_VARIABLE = YES;
				LOCALIZATION_PREFERS_STRING_CATALOGS = YES;
				MACOSX_DEPLOYMENT_TARGET = 15.3;
				MTL_ENABLE_DEBUG_INFO = INCLUDE_SOURCE;
				MTL_FAST_MATH = YES;
				ONLY_ACTIVE_ARCH = YES;
				SDKROOT = macosx;
				SWIFT_ACTIVE_COMPILATION_CONDITIONS = "DEBUG $(inherited)";
				SWIFT_OPTIMIZATION_LEVEL = "-Onone";
			};
			name = Debug;
		};
		D5910E852DF88EF90093A52B /* Release */ = {
			isa = XCBuildConfiguration;
			buildSettings = {
				ALWAYS_SEARCH_USER_PATHS = NO;
				ASSETCATALOG_COMPILER_GENERATE_SWIFT_ASSET_SYMBOL_EXTENSIONS = YES;
				CLANG_ANALYZER_NONNULL = YES;
				CLANG_ANALYZER_NUMBER_OBJECT_CONVERSION = YES_AGGRESSIVE;
				CLANG_CXX_LANGUAGE_STANDARD = "gnu++20";
				CLANG_ENABLE_MODULES = YES;
				CLANG_ENABLE_OBJC_ARC = YES;
				CLANG_ENABLE_OBJC_WEAK = YES;
				CLANG_WARN_BLOCK_CAPTURE_AUTORELEASING = YES;
				CLANG_WARN_BOOL_CONVERSION = YES;
				CLANG_WARN_COMMA = YES;
				CLANG_WARN_CONSTANT_CONVERSION = YES;
				CLANG_WARN_DEPRECATED_OBJC_IMPLEMENTATIONS = YES;
				CLANG_WARN_DIRECT_OBJC_ISA_USAGE = YES_ERROR;
				CLANG_WARN_DOCUMENTATION_COMMENTS = YES;
				CLANG_WARN_EMPTY_BODY = YES;
				CLANG_WARN_ENUM_CONVERSION = YES;
				CLANG_WARN_INFINITE_RECURSION = YES;
				CLANG_WARN_INT_CONVERSION = YES;
				CLANG_WARN_NON_LITERAL_NULL_CONVERSION = YES;
				CLANG_WARN_OBJC_IMPLICIT_RETAIN_SELF = YES;
				CLANG_WARN_OBJC_LITERAL_CONVERSION = YES;
				CLANG_WARN_OBJC_ROOT_CLASS = YES_ERROR;
				CLANG_WARN_QUOTED_INCLUDE_IN_FRAMEWORK_HEADER = YES;
				CLANG_WARN_RANGE_LOOP_ANALYSIS = YES;
				CLANG_WARN_STRICT_PROTOTYPES = YES;
				CLANG_WARN_SUSPICIOUS_MOVE = YES;
				CLANG_WARN_UNGUARDED_AVAILABILITY = YES_AGGRESSIVE;
				CLANG_WARN_UNREACHABLE_CODE = YES;
				CLANG_WARN__DUPLICATE_METHOD_MATCH = YES;
				COPY_PHASE_STRIP = NO;
				DEBUG_INFORMATION_FORMAT = "dwarf-with-dsym";
				ENABLE_NS_ASSERTIONS = NO;
				ENABLE_STRICT_OBJC_MSGSEND = YES;
				ENABLE_USER_SCRIPT_SANDBOXING = YES;
				GCC_C_LANGUAGE_STANDARD = gnu17;
				GCC_NO_COMMON_BLOCKS = YES;
				GCC_WARN_64_TO_32_BIT_CONVERSION = YES;
				GCC_WARN_ABOUT_RETURN_TYPE = YES_ERROR;
				GCC_WARN_UNDECLARED_SELECTOR = YES;
				GCC_WARN_UNINITIALIZED_AUTOS = YES_AGGRESSIVE;
				GCC_WARN_UNUSED_FUNCTION = YES;
				GCC_WARN_UNUSED_VARIABLE = YES;
				LOCALIZATION_PREFERS_STRING_CATALOGS = YES;
				MACOSX_DEPLOYMENT_TARGET = 15.3;
				MTL_ENABLE_DEBUG_INFO = NO;
				MTL_FAST_MATH = YES;
				SDKROOT = macosx;
				SWIFT_COMPILATION_MODE = wholemodule;
			};
			name = Release;
		};
		D5910E872DF88EF90093A52B /* Debug */ = {
			isa = XCBuildConfiguration;
			buildSettings = {
				ASSETCATALOG_COMPILER_APPICON_NAME = AppIcon;
				ASSETCATALOG_COMPILER_GLOBAL_ACCENT_COLOR_NAME = AccentColor;
				CODE_SIGN_ENTITLEMENTS = Conteng/Conteng.entitlements;
				CODE_SIGN_STYLE = Automatic;
				COMBINE_HIDPI_IMAGES = YES;
				CURRENT_PROJECT_VERSION = 1;
				ENABLE_PREVIEWS = YES;
				GENERATE_INFOPLIST_FILE = YES;
				INFOPLIST_KEY_NSHumanReadableCopyright = "";
				LD_RUNPATH_SEARCH_PATHS = (
					"$(inherited)",
					"@executable_path/../Frameworks",
				);
				MARKETING_VERSION = 1.0;
				PRODUCT_BUNDLE_IDENTIFIER = org.mansarip.conteng.Conteng;
				PRODUCT_NAME = "$(TARGET_NAME)";
				REGISTER_APP_GROUPS = YES;
				SWIFT_EMIT_LOC_STRINGS = YES;
				SWIFT_VERSION = 5.0;
			};
			name = Debug;
		};
		D5910E882DF88EF90093A52B /* Release */ = {
			isa = XCBuildConfiguration;
			buildSettings = {
				ASSETCATALOG_COMPILER_APPICON_NAME = AppIcon;
				ASSETCATALOG_COMPILER_GLOBAL_ACCENT_COLOR_NAME = AccentColor;
				CODE_SIGN_ENTITLEMENTS = Conteng/Conteng.entitlements;
				CODE_SIGN_STYLE = Automatic;
				COMBINE_HIDPI_IMAGES = YES;
				CURRENT_PROJECT_VERSION = 1;
				ENABLE_PREVIEWS = YES;
				GENERATE_INFOPLIST_FILE = YES;
				INFOPLIST_KEY_NSHumanReadableCopyright = "";
				LD_RUNPATH_SEARCH_PATHS = (
					"$(inherited)",
					"@executable_path/../Frameworks",
				);
				MARKETING_VERSION = 1.0;
				PRODUCT_BUNDLE_IDENTIFIER = org.mansarip.conteng.Conteng;
				PRODUCT_NAME = "$(TARGET_NAME)";
				REGISTER_APP_GROUPS = YES;
				SWIFT_EMIT_LOC_STRINGS = YES;
				SWIFT_VERSION = 5.0;
			};
			name = Release;
		};
		D5910E8A2DF88EF90093A52B /* Debug */ = {
			isa = XCBuildConfiguration;
			buildSettings = {
				BUNDLE_LOADER = "$(TEST_HOST)";
				CODE_SIGN_STYLE = Automatic;
				CURRENT_PROJECT_VERSION = 1;
				GENERATE_INFOPLIST_FILE = YES;
				MACOSX_DEPLOYMENT_TARGET = 15.3;
				MARKETING_VERSION = 1.0;
				PRODUCT_BUNDLE_IDENTIFIER = org.mansarip.conteng.ContengTests;
				PRODUCT_NAME = "$(TARGET_NAME)";
				SWIFT_EMIT_LOC_STRINGS = NO;
				SWIFT_VERSION = 5.0;
				TEST_HOST = "$(BUILT_PRODUCTS_DIR)/Conteng.app/$(BUNDLE_EXECUTABLE_FOLDER_PATH)/Conteng";
			};
			name = Debug;
		};
		D5910E8B2DF88EF90093A52B /* Release */ = {
			isa = XCBuildConfiguration;
			buildSettings = {
				BUNDLE_LOADER = "$(TEST_HOST)";
				CODE_SIGN_STYLE = Automatic;
				CURRENT_PROJECT_VERSION = 1;
				GENERATE_INFOPLIST_FILE = YES;
				MACOSX_DEPLOYMENT_TARGET = 15.3;
				MARKETING_VERSION = 1.0;
				PRODUCT_BUNDLE_IDENTIFIER = org.mansarip.conteng.ContengTests;
				PRODUCT_NAME = "$(TARGET_NAME)";
				SWIFT_EMIT_LOC_STRINGS = NO;
				SWIFT_VERSION = 5.0;
				TEST_HOST = "$(BUILT_PRODUCTS_DIR)/Conteng.app/$(BUNDLE_EXECUTABLE_FOLDER_PATH)/Conteng";
			};
			name = Release;
		};
		D5910E8D2DF88EF90093A52B /* Debug */ = {
			isa = XCBuildConfiguration;
			buildSettings = {
				CODE_SIGN_STYLE = Automatic;
				CURRENT_PROJECT_VERSION = 1;
				GENERATE_INFOPLIST_FILE = YES;
				MARKETING_VERSION = 1.0;
				PRODUCT_BUNDLE_IDENTIFIER = org.mansarip.conteng.ContengUITests;
				PRODUCT_NAME = "$(TARGET_NAME)";
				SWIFT_EMIT_LOC_STRINGS = NO;
				SWIFT_VERSION = 5.0;
				TEST_TARGET_NAME = Conteng;
			};
			name = Debug;
		};
		D5910E8E2DF88EF90093A52B /* Release */ = {
			isa = XCBuildConfiguration;
			buildSettings = {
				CODE_SIGN_STYLE = Automatic;
				CURRENT_PROJECT_VERSION = 1;
				GENERATE_INFOPLIST_FILE = YES;
				MARKETING_VERSION = 1.0;
				PRODUCT_BUNDLE_IDENTIFIER = org.mansarip.conteng.ContengUITests;
				PRODUCT_NAME = "$(TARGET_NAME)";
				SWIFT_EMIT_LOC_STRINGS = NO;
				SWIFT_VERSION = 5.0;
				TEST_TARGET_NAME = Conteng;
			};
			name = Release;
		};
/* End XCBuildConfiguration section */

/* Begin XCConfigurationList section */
		D5910E5F2DF88EF90093A52B /* Build configuration list for PBXProject "Conteng" */ = {
			isa = XCConfigurationList;
			buildConfigurations = (
				D5910E842DF88EF90093A52B /* Debug */,
				D5910E852DF88EF90093A52B /* Release */,
			);
			defaultConfigurationIsVisible = 0;
			defaultConfigurationName = Release;
		};
		D5910E862DF88EF90093A52B /* Build configuration list for PBXNativeTarget "Conteng" */ = {
			isa = XCConfigurationList;
			buildConfigurations = (
				D5910E872DF88EF90093A52B /* Debug */,
				D5910E882DF88EF90093A52B /* Release */,
			);
			defaultConfigurationIsVisible = 0;
			defaultConfigurationName = Release;
		};
		D5910E892DF88EF90093A52B /* Build configuration list for PBXNativeTarget "ContengTests" */ = {
			isa = XCConfigurationList;
			buildConfigurations = (
				D5910E8A2DF88EF90093A52B /* Debug */,
				D5910E8B2DF88EF90093A52B /* Release */,
			);
			defaultConfigurationIsVisible = 0;
			defaultConfigurationName = Release;
		};
		D5910E8C2DF88EF90093A52B /* Build configuration list for PBXNativeTarget "ContengUITests" */ = {
			isa = XCConfigurationList;
			buildConfigurations = (
				D5910E8D2DF88EF90093A52B /* Debug */,
				D5910E8E2DF88EF90093A52B /* Release */,
			);
			defaultConfigurationIsVisible = 0;
			defaultConfigurationName = Release;
		};
/* End XCConfigurationList section */

/* Begin XCRemoteSwiftPackageReference section */
		D5910E9E2DF89A940093A52B /* XCRemoteSwiftPackageReference "HotKey" */ = {
			isa = XCRemoteSwiftPackageReference;
			repositoryURL = "https://github.com/soffes/HotKey";
			requirement = {
				branch = main;
				kind = branch;
			};
		};
/* End XCRemoteSwiftPackageReference section */

/* Begin XCSwiftPackageProductDependency section */
		D5910E9F2DF89A940093A52B /* HotKey */ = {
			isa = XCSwiftPackageProductDependency;
			package = D5910E9E2DF89A940093A52B /* XCRemoteSwiftPackageReference "HotKey" */;
			productName = HotKey;
		};
/* End XCSwiftPackageProductDependency section */
	};
	rootObject = D5910E5C2DF88EF90093A52B /* Project object */;
}
